
Microsoft Visual Studio Solution File, Format Version 12.00
# Visual Studio Version 17
VisualStudioVersion = 17.14.36301.6 d17.14
MinimumVisualStudioVersion = 10.0.40219.1
Project("{FAE04EC0-301F-11D3-BF4B-00C04F79EFBC}") = "SistemaReservaDeSalasDeReunioes.API", "SistemaReservaDeSalasDeReunioes.API\SistemaReservaDeSalasDeReunioes.API.csproj", "{383D1A10-51A0-4135-8825-9190B2B79FED}"
EndProject
Global
	GlobalSection(SolutionConfigurationPlatforms) = preSolution
		Debug|Any CPU = Debug|Any CPU
		Release|Any CPU = Release|Any CPU
	EndGlobalSection
	GlobalSection(ProjectConfigurationPlatforms) = postSolution
		{383D1A10-51A0-4135-8825-9190B2B79FED}.Debug|Any CPU.ActiveCfg = Debug|Any CPU
		{383D1A10-51A0-4135-8825-9190B2B79FED}.Debug|Any CPU.Build.0 = Debug|Any CPU
		{383D1A10-51A0-4135-8825-9190B2B79FED}.Release|Any CPU.ActiveCfg = Release|Any CPU
		{383D1A10-51A0-4135-8825-9190B2B79FED}.Release|Any CPU.Build.0 = Release|Any CPU
	EndGlobalSection
	GlobalSection(SolutionProperties) = preSolution
		HideSolutionNode = FALSE
	EndGlobalSection
	GlobalSection(ExtensibilityGlobals) = postSolution
		SolutionGuid = {F4B095C7-23EB-4FF9-8E84-61E8630A7051}
	EndGlobalSection
EndGlobal
